
Microsoft Visual Studio Solution File, Format Version 12.00
# Visual Studio Version 17
VisualStudioVersion = 17.5.33530.505
MinimumVisualStudioVersion = 10.0.40219.1
Project("{9A19103F-16F7-4668-BE54-9A1E7A4F7556}") = "AluguelCarro", "AluguelCarro.csproj", "{2C290603-266A-4743-A64B-60B477F2FB9E}"
EndProject
Global
	GlobalSection(SolutionConfigurationPlatforms) = preSolution
		Debug|Any CPU = Debug|Any CPU
		Release|Any CPU = Release|Any CPU
	EndGlobalSection
	GlobalSection(ProjectConfigurationPlatforms) = postSolution
		{2C290603-266A-4743-A64B-60B477F2FB9E}.Debug|Any CPU.ActiveCfg = Debug|Any CPU
		{2C290603-266A-4743-A64B-60B477F2FB9E}.Debug|Any CPU.Build.0 = Debug|Any CPU
		{2C290603-266A-4743-A64B-60B477F2FB9E}.Release|Any CPU.ActiveCfg = Release|Any CPU
		{2C290603-266A-4743-A64B-60B477F2FB9E}.Release|Any CPU.Build.0 = Release|Any CPU
	EndGlobalSection
	GlobalSection(SolutionProperties) = preSolution
		HideSolutionNode = FALSE
	EndGlobalSection
	GlobalSection(ExtensibilityGlobals) = postSolution
		SolutionGuid = {40946BFF-EE81-4F46-9F8C-BC3F59B27D20}
	EndGlobalSection
EndGlobal
